
Microsoft Visual Studio Solution File, Format Version 12.00
Project("{FAE04EC0-301F-11D3-BF4B-00C04F79EFBC}") = "TweetsAndNewsOnTelegrm", "TweetsAndNewsOnTelegrm\TweetsAndNewsOnTelegrm.csproj", "{FD0D77B7-2851-496E-9484-EE06F7BC314C}"
EndProject
Global
	GlobalSection(SolutionConfigurationPlatforms) = preSolution
		Debug|Any CPU = Debug|Any CPU
		Release|Any CPU = Release|Any CPU
	EndGlobalSection
	GlobalSection(ProjectConfigurationPlatforms) = postSolution
		{FD0D77B7-2851-496E-9484-EE06F7BC314C}.Debug|Any CPU.ActiveCfg = Debug|Any CPU
		{FD0D77B7-2851-496E-9484-EE06F7BC314C}.Debug|Any CPU.Build.0 = Debug|Any CPU
		{FD0D77B7-2851-496E-9484-EE06F7BC314C}.Release|Any CPU.ActiveCfg = Release|Any CPU
		{FD0D77B7-2851-496E-9484-EE06F7BC314C}.Release|Any CPU.Build.0 = Release|Any CPU
	EndGlobalSection
EndGlobal
